
Microsoft Visual Studio Solution File, Format Version 12.00
# Visual Studio Version 16
VisualStudioVersion = 16.0.33130.400
MinimumVisualStudioVersion = 10.0.40219.1
Project("{FAE04EC0-301F-11D3-BF4B-00C04F79EFBC}") = "web_hw", "web_hw\web_hw.csproj", "{6B731D17-86C8-4A96-994D-F0EF6E66BAE9}"
EndProject
Global
	GlobalSection(SolutionConfigurationPlatforms) = preSolution
		Debug|Any CPU = Debug|Any CPU
		Release|Any CPU = Release|Any CPU
	EndGlobalSection
	GlobalSection(ProjectConfigurationPlatforms) = postSolution
		{6B731D17-86C8-4A96-994D-F0EF6E66BAE9}.Debug|Any CPU.ActiveCfg = Debug|Any CPU
		{6B731D17-86C8-4A96-994D-F0EF6E66BAE9}.Debug|Any CPU.Build.0 = Debug|Any CPU
		{6B731D17-86C8-4A96-994D-F0EF6E66BAE9}.Release|Any CPU.ActiveCfg = Release|Any CPU
		{6B731D17-86C8-4A96-994D-F0EF6E66BAE9}.Release|Any CPU.Build.0 = Release|Any CPU
	EndGlobalSection
	GlobalSection(SolutionProperties) = preSolution
		HideSolutionNode = FALSE
	EndGlobalSection
	GlobalSection(ExtensibilityGlobals) = postSolution
		SolutionGuid = {E28B2584-E0FD-49A4-B112-D18593C9487F}
	EndGlobalSection
EndGlobal
